
Microsoft Visual Studio Solution File, Format Version 12.00
# Visual Studio 14
VisualStudioVersion = 14.0.25420.1
MinimumVisualStudioVersion = 10.0.40219.1
Project("{FAE04EC0-301F-11D3-BF4B-00C04F79EFBC}") = "sushi3", "sushi3\sushi3\sushi3.csproj", "{EC4011DA-372F-463C-BBF2-CB97A5C7C890}"
EndProject
Project("{FAE04EC0-301F-11D3-BF4B-00C04F79EFBC}") = "sushi3.Droid", "sushi3\sushi3.Droid\sushi3.Droid.csproj", "{A0E603F5-4ABE-429C-9EC8-19A9AC5618A1}"
EndProject
Project("{FAE04EC0-301F-11D3-BF4B-00C04F79EFBC}") = "sushi3.iOS", "sushi3\sushi3.iOS\sushi3.iOS.csproj", "{8238A18D-A663-4D5D-B992-842194FF931E}"
EndProject
Project("{FAE04EC0-301F-11D3-BF4B-00C04F79EFBC}") = "sushi3.WinPhone", "sushi3\sushi3.WinPhone\sushi3.WinPhone.csproj", "{3C7B552E-1E6A-4D53-9411-F22DC650F91F}"
EndProject
Project("{FAE04EC0-301F-11D3-BF4B-00C04F79EFBC}") = "sushi3.UWP", "sushi3\sushi3.UWP\sushi3.UWP.csproj", "{7C6DE410-25CE-4844-AAD6-EAAC6DF09A68}"
EndProject
Project("{FAE04EC0-301F-11D3-BF4B-00C04F79EFBC}") = "sushi3.Windows", "sushi3\sushi3.Windows\sushi3.Windows.csproj", "{62CA1311-823B-4085-948E-0AF00BF7A7C6}"
EndProject
Global
	GlobalSection(SolutionConfigurationPlatforms) = preSolution
		Ad-Hoc|Any CPU = Ad-Hoc|Any CPU
		Ad-Hoc|ARM = Ad-Hoc|ARM
		Ad-Hoc|iPhone = Ad-Hoc|iPhone
		Ad-Hoc|iPhoneSimulator = Ad-Hoc|iPhoneSimulator
		Ad-Hoc|x64 = Ad-Hoc|x64
		Ad-Hoc|x86 = Ad-Hoc|x86
		AppStore|Any CPU = AppStore|Any CPU
		AppStore|ARM = AppStore|ARM
		AppStore|iPhone = AppStore|iPhone
		AppStore|iPhoneSimulator = AppStore|iPhoneSimulator
		AppStore|x64 = AppStore|x64
		AppStore|x86 = AppStore|x86
		Debug|Any CPU = Debug|Any CPU
		Debug|ARM = Debug|ARM
		Debug|iPhone = Debug|iPhone
		Debug|iPhoneSimulator = Debug|iPhoneSimulator
		Debug|x64 = Debug|x64
		Debug|x86 = Debug|x86
		Release|Any CPU = Release|Any CPU
		Release|ARM = Release|ARM
		Release|iPhone = Release|iPhone
		Release|iPhoneSimulator = Release|iPhoneSimulator
		Release|x64 = Release|x64
		Release|x86 = Release|x86
	EndGlobalSection
	GlobalSection(ProjectConfigurationPlatforms) = postSolution
		{EC4011DA-372F-463C-BBF2-CB97A5C7C890}.Ad-Hoc|Any CPU.ActiveCfg = Release|Any CPU
		{EC4011DA-372F-463C-BBF2-CB97A5C7C890}.Ad-Hoc|Any CPU.Build.0 = Release|Any CPU
		{EC4011DA-372F-463C-BBF2-CB97A5C7C890}.Ad-Hoc|ARM.ActiveCfg = Release|Any CPU
		{EC4011DA-372F-463C-BBF2-CB97A5C7C890}.Ad-Hoc|ARM.Build.0 = Release|Any CPU
		{EC4011DA-372F-463C-BBF2-CB97A5C7C890}.Ad-Hoc|iPhone.ActiveCfg = Release|Any CPU
		{EC4011DA-372F-463C-BBF2-CB97A5C7C890}.Ad-Hoc|iPhone.Build.0 = Release|Any CPU
		{EC4011DA-372F-463C-BBF2-CB97A5C7C890}.Ad-Hoc|iPhoneSimulator.ActiveCfg = Release|Any CPU
		{EC4011DA-372F-463C-BBF2-CB97A5C7C890}.Ad-Hoc|iPhoneSimulator.Build.0 = Release|Any CPU
		{EC4011DA-372F-463C-BBF2-CB97A5C7C890}.Ad-Hoc|x64.ActiveCfg = Release|Any CPU
		{EC4011DA-372F-463C-BBF2-CB97A5C7C890}.Ad-Hoc|x64.Build.0 = Release|Any CPU
		{EC4011DA-372F-463C-BBF2-CB97A5C7C890}.Ad-Hoc|x86.ActiveCfg = Release|Any CPU
		{EC4011DA-372F-463C-BBF2-CB97A5C7C890}.Ad-Hoc|x86.Build.0 = Release|Any CPU
		{EC4011DA-372F-463C-BBF2-CB97A5C7C890}.AppStore|Any CPU.ActiveCfg = Release|Any CPU
		{EC4011DA-372F-463C-BBF2-CB97A5C7C890}.AppStore|Any CPU.Build.0 = Release|Any CPU
		{EC4011DA-372F-463C-BBF2-CB97A5C7C890}.AppStore|ARM.ActiveCfg = Release|Any CPU
		{EC4011DA-372F-463C-BBF2-CB97A5C7C890}.AppStore|ARM.Build.0 = Release|Any CPU
		{EC4011DA-372F-463C-BBF2-CB97A5C7C890}.AppStore|iPhone.ActiveCfg = Release|Any CPU
		{EC4011DA-372F-463C-BBF2-CB97A5C7C890}.AppStore|iPhone.Build.0 = Release|Any CPU
		{EC4011DA-372F-463C-BBF2-CB97A5C7C890}.AppStore|iPhoneSimulator.ActiveCfg = Release|Any CPU
		{EC4011DA-372F-463C-BBF2-CB97A5C7C890}.AppStore|iPhoneSimulator.Build.0 = Release|Any CPU
		{EC4011DA-372F-463C-BBF2-CB97A5C7C890}.AppStore|x64.ActiveCfg = Release|Any CPU
		{EC4011DA-372F-463C-BBF2-CB97A5C7C890}.AppStore|x64.Build.0 = Release|Any CPU
		{EC4011DA-372F-463C-BBF2-CB97A5C7C890}.AppStore|x86.ActiveCfg = Release|Any CPU
		{EC4011DA-372F-463C-BBF2-CB97A5C7C890}.AppStore|x86.Build.0 = Release|Any CPU
		{EC4011DA-372F-463C-BBF2-CB97A5C7C890}.Debug|Any CPU.ActiveCfg = Debug|Any CPU
		{EC4011DA-372F-463C-BBF2-CB97A5C7C890}.Debug|Any CPU.Build.0 = Debug|Any CPU
		{EC4011DA-372F-463C-BBF2-CB97A5C7C890}.Debug|ARM.ActiveCfg = Debug|Any CPU
		{EC4011DA-372F-463C-BBF2-CB97A5C7C890}.Debug|ARM.Build.0 = Debug|Any CPU
		{EC4011DA-372F-463C-BBF2-CB97A5C7C890}.Debug|iPhone.ActiveCfg = Debug|Any CPU
		{EC4011DA-372F-463C-BBF2-CB97A5C7C890}.Debug|iPhone.Build.0 = Debug|Any CPU
		{EC4011DA-372F-463C-BBF2-CB97A5C7C890}.Debug|iPhoneSimulator.ActiveCfg = Debug|Any CPU
		{EC4011DA-372F-463C-BBF2-CB97A5C7C890}.Debug|iPhoneSimulator.Build.0 = Debug|Any CPU
		{EC4011DA-372F-463C-BBF2-CB97A5C7C890}.Debug|x64.ActiveCfg = Debug|Any CPU
		{EC4011DA-372F-463C-BBF2-CB97A5C7C890}.Debug|x64.Build.0 = Debug|Any CPU
		{EC4011DA-372F-463C-BBF2-CB97A5C7C890}.Debug|x86.ActiveCfg = Debug|Any CPU
		{EC4011DA-372F-463C-BBF2-CB97A5C7C890}.Debug|x86.Build.0 = Debug|Any CPU
		{EC4011DA-372F-463C-BBF2-CB97A5C7C890}.Release|Any CPU.ActiveCfg = Release|Any CPU
		{EC4011DA-372F-463C-BBF2-CB97A5C7C890}.Release|Any CPU.Build.0 = Release|Any CPU
		{EC4011DA-372F-463C-BBF2-CB97A5C7C890}.Release|ARM.ActiveCfg = Release|Any CPU
		{EC4011DA-372F-463C-BBF2-CB97A5C7C890}.Release|ARM.Build.0 = Release|Any CPU
		{EC4011DA-372F-463C-BBF2-CB97A5C7C890}.Release|iPhone.ActiveCfg = Release|Any CPU
		{EC4011DA-372F-463C-BBF2-CB97A5C7C890}.Release|iPhone.Build.0 = Release|Any CPU
		{EC4011DA-372F-463C-BBF2-CB97A5C7C890}.Release|iPhoneSimulator.ActiveCfg = Release|Any CPU
		{EC4011DA-372F-463C-BBF2-CB97A5C7C890}.Release|iPhoneSimulator.Build.0 = Release|Any CPU
		{EC4011DA-372F-463C-BBF2-CB97A5C7C890}.Release|x64.ActiveCfg = Release|Any CPU
		{EC4011DA-372F-463C-BBF2-CB97A5C7C890}.Release|x64.Build.0 = Release|Any CPU
		{EC4011DA-372F-463C-BBF2-CB97A5C7C890}.Release|x86.ActiveCfg = Release|Any CPU
		{EC4011DA-372F-463C-BBF2-CB97A5C7C890}.Release|x86.Build.0 = Release|Any CPU
		{A0E603F5-4ABE-429C-9EC8-19A9AC5618A1}.Ad-Hoc|Any CPU.ActiveCfg = Release|Any CPU
		{A0E603F5-4ABE-429C-9EC8-19A9AC5618A1}.Ad-Hoc|Any CPU.Build.0 = Release|Any CPU
		{A0E603F5-4ABE-429C-9EC8-19A9AC5618A1}.Ad-Hoc|Any CPU.Deploy.0 = Release|Any CPU
		{A0E603F5-4ABE-429C-9EC8-19A9AC5618A1}.Ad-Hoc|ARM.ActiveCfg = Release|Any CPU
		{A0E603F5-4ABE-429C-9EC8-19A9AC5618A1}.Ad-Hoc|ARM.Build.0 = Release|Any CPU
		{A0E603F5-4ABE-429C-9EC8-19A9AC5618A1}.Ad-Hoc|ARM.Deploy.0 = Release|Any CPU
		{A0E603F5-4ABE-429C-9EC8-19A9AC5618A1}.Ad-Hoc|iPhone.ActiveCfg = Release|Any CPU
		{A0E603F5-4ABE-429C-9EC8-19A9AC5618A1}.Ad-Hoc|iPhone.Build.0 = Release|Any CPU
		{A0E603F5-4ABE-429C-9EC8-19A9AC5618A1}.Ad-Hoc|iPhone.Deploy.0 = Release|Any CPU
		{A0E603F5-4ABE-429C-9EC8-19A9AC5618A1}.Ad-Hoc|iPhoneSimulator.ActiveCfg = Release|Any CPU
		{A0E603F5-4ABE-429C-9EC8-19A9AC5618A1}.Ad-Hoc|iPhoneSimulator.Build.0 = Release|Any CPU
		{A0E603F5-4ABE-429C-9EC8-19A9AC5618A1}.Ad-Hoc|iPhoneSimulator.Deploy.0 = Release|Any CPU
		{A0E603F5-4ABE-429C-9EC8-19A9AC5618A1}.Ad-Hoc|x64.ActiveCfg = Release|Any CPU
		{A0E603F5-4ABE-429C-9EC8-19A9AC5618A1}.Ad-Hoc|x64.Build.0 = Release|Any CPU
		{A0E603F5-4ABE-429C-9EC8-19A9AC5618A1}.Ad-Hoc|x64.Deploy.0 = Release|Any CPU
		{A0E603F5-4ABE-429C-9EC8-19A9AC5618A1}.Ad-Hoc|x86.ActiveCfg = Release|Any CPU
		{A0E603F5-4ABE-429C-9EC8-19A9AC5618A1}.Ad-Hoc|x86.Build.0 = Release|Any CPU
		{A0E603F5-4ABE-429C-9EC8-19A9AC5618A1}.Ad-Hoc|x86.Deploy.0 = Release|Any CPU
		{A0E603F5-4ABE-429C-9EC8-19A9AC5618A1}.AppStore|Any CPU.ActiveCfg = Release|Any CPU
		{A0E603F5-4ABE-429C-9EC8-19A9AC5618A1}.AppStore|Any CPU.Build.0 = Release|Any CPU
		{A0E603F5-4ABE-429C-9EC8-19A9AC5618A1}.AppStore|Any CPU.Deploy.0 = Release|Any CPU
		{A0E603F5-4ABE-429C-9EC8-19A9AC5618A1}.AppStore|ARM.ActiveCfg = Release|Any CPU
		{A0E603F5-4ABE-429C-9EC8-19A9AC5618A1}.AppStore|ARM.Build.0 = Release|Any CPU
		{A0E603F5-4ABE-429C-9EC8-19A9AC5618A1}.AppStore|ARM.Deploy.0 = Release|Any CPU
		{A0E603F5-4ABE-429C-9EC8-19A9AC5618A1}.AppStore|iPhone.ActiveCfg = Release|Any CPU
		{A0E603F5-4ABE-429C-9EC8-19A9AC5618A1}.AppStore|iPhone.Build.0 = Release|Any CPU
		{A0E603F5-4ABE-429C-9EC8-19A9AC5618A1}.AppStore|iPhone.Deploy.0 = Release|Any CPU
		{A0E603F5-4ABE-429C-9EC8-19A9AC5618A1}.AppStore|iPhoneSimulator.ActiveCfg = Release|Any CPU
		{A0E603F5-4ABE-429C-9EC8-19A9AC5618A1}.AppStore|iPhoneSimulator.Build.0 = Release|Any CPU
		{A0E603F5-4ABE-429C-9EC8-19A9AC5618A1}.AppStore|iPhoneSimulator.Deploy.0 = Release|Any CPU
		{A0E603F5-4ABE-429C-9EC8-19A9AC5618A1}.AppStore|x64.ActiveCfg = Release|Any CPU
		{A0E603F5-4ABE-429C-9EC8-19A9AC5618A1}.AppStore|x64.Build.0 = Release|Any CPU
		{A0E603F5-4ABE-429C-9EC8-19A9AC5618A1}.AppStore|x64.Deploy.0 = Release|Any CPU
		{A0E603F5-4ABE-429C-9EC8-19A9AC5618A1}.AppStore|x86.ActiveCfg = Release|Any CPU
		{A0E603F5-4ABE-429C-9EC8-19A9AC5618A1}.AppStore|x86.Build.0 = Release|Any CPU
		{A0E603F5-4ABE-429C-9EC8-19A9AC5618A1}.AppStore|x86.Deploy.0 = Release|Any CPU
		{A0E603F5-4ABE-429C-9EC8-19A9AC5618A1}.Debug|Any CPU.ActiveCfg = Debug|Any CPU
		{A0E603F5-4ABE-429C-9EC8-19A9AC5618A1}.Debug|Any CPU.Build.0 = Debug|Any CPU
		{A0E603F5-4ABE-429C-9EC8-19A9AC5618A1}.Debug|Any CPU.Deploy.0 = Debug|Any CPU
		{A0E603F5-4ABE-429C-9EC8-19A9AC5618A1}.Debug|ARM.ActiveCfg = Debug|Any CPU
		{A0E603F5-4ABE-429C-9EC8-19A9AC5618A1}.Debug|ARM.Build.0 = Debug|Any CPU
		{A0E603F5-4ABE-429C-9EC8-19A9AC5618A1}.Debug|ARM.Deploy.0 = Debug|Any CPU
		{A0E603F5-4ABE-429C-9EC8-19A9AC5618A1}.Debug|iPhone.ActiveCfg = Debug|Any CPU
		{A0E603F5-4ABE-429C-9EC8-19A9AC5618A1}.Debug|iPhone.Build.0 = Debug|Any CPU
		{A0E603F5-4ABE-429C-9EC8-19A9AC5618A1}.Debug|iPhone.Deploy.0 = Debug|Any CPU
		{A0E603F5-4ABE-429C-9EC8-19A9AC5618A1}.Debug|iPhoneSimulator.ActiveCfg = Debug|Any CPU
		{A0E603F5-4ABE-429C-9EC8-19A9AC5618A1}.Debug|iPhoneSimulator.Build.0 = Debug|Any CPU
		{A0E603F5-4ABE-429C-9EC8-19A9AC5618A1}.Debug|iPhoneSimulator.Deploy.0 = Debug|Any CPU
		{A0E603F5-4ABE-429C-9EC8-19A9AC5618A1}.Debug|x64.ActiveCfg = Debug|Any CPU
		{A0E603F5-4ABE-429C-9EC8-19A9AC5618A1}.Debug|x64.Build.0 = Debug|Any CPU
		{A0E603F5-4ABE-429C-9EC8-19A9AC5618A1}.Debug|x64.Deploy.0 = Debug|Any CPU
		{A0E603F5-4ABE-429C-9EC8-19A9AC5618A1}.Debug|x86.ActiveCfg = Debug|Any CPU
		{A0E603F5-4ABE-429C-9EC8-19A9AC5618A1}.Debug|x86.Build.0 = Debug|Any CPU
		{A0E603F5-4ABE-429C-9EC8-19A9AC5618A1}.Debug|x86.Deploy.0 = Debug|Any CPU
		{A0E603F5-4ABE-429C-9EC8-19A9AC5618A1}.Release|Any CPU.ActiveCfg = Release|Any CPU
		{A0E603F5-4ABE-429C-9EC8-19A9AC5618A1}.Release|Any CPU.Build.0 = Release|Any CPU
		{A0E603F5-4ABE-429C-9EC8-19A9AC5618A1}.Release|Any CPU.Deploy.0 = Release|Any CPU
		{A0E603F5-4ABE-429C-9EC8-19A9AC5618A1}.Release|ARM.ActiveCfg = Release|Any CPU
		{A0E603F5-4ABE-429C-9EC8-19A9AC5618A1}.Release|ARM.Build.0 = Release|Any CPU
		{A0E603F5-4ABE-429C-9EC8-19A9AC5618A1}.Release|ARM.Deploy.0 = Release|Any CPU
		{A0E603F5-4ABE-429C-9EC8-19A9AC5618A1}.Release|iPhone.ActiveCfg = Release|Any CPU
		{A0E603F5-4ABE-429C-9EC8-19A9AC5618A1}.Release|iPhone.Build.0 = Release|Any CPU
		{A0E603F5-4ABE-429C-9EC8-19A9AC5618A1}.Release|iPhone.Deploy.0 = Release|Any CPU
		{A0E603F5-4ABE-429C-9EC8-19A9AC5618A1}.Release|iPhoneSimulator.ActiveCfg = Release|Any CPU
		{A0E603F5-4ABE-429C-9EC8-19A9AC5618A1}.Release|iPhoneSimulator.Build.0 = Release|Any CPU
		{A0E603F5-4ABE-429C-9EC8-19A9AC5618A1}.Release|iPhoneSimulator.Deploy.0 = Release|Any CPU
		{A0E603F5-4ABE-429C-9EC8-19A9AC5618A1}.Release|x64.ActiveCfg = Release|Any CPU
		{A0E603F5-4ABE-429C-9EC8-19A9AC5618A1}.Release|x64.Build.0 = Release|Any CPU
		{A0E603F5-4ABE-429C-9EC8-19A9AC5618A1}.Release|x64.Deploy.0 = Release|Any CPU
		{A0E603F5-4ABE-429C-9EC8-19A9AC5618A1}.Release|x86.ActiveCfg = Release|Any CPU
		{A0E603F5-4ABE-429C-9EC8-19A9AC5618A1}.Release|x86.Build.0 = Release|Any CPU
		{A0E603F5-4ABE-429C-9EC8-19A9AC5618A1}.Release|x86.Deploy.0 = Release|Any CPU
		{8238A18D-A663-4D5D-B992-842194FF931E}.Ad-Hoc|Any CPU.ActiveCfg = Ad-Hoc|iPhone
		{8238A18D-A663-4D5D-B992-842194FF931E}.Ad-Hoc|ARM.ActiveCfg = Ad-Hoc|iPhone
		{8238A18D-A663-4D5D-B992-842194FF931E}.Ad-Hoc|iPhone.ActiveCfg = Ad-Hoc|iPhone
		{8238A18D-A663-4D5D-B992-842194FF931E}.Ad-Hoc|iPhone.Build.0 = Ad-Hoc|iPhone
		{8238A18D-A663-4D5D-B992-842194FF931E}.Ad-Hoc|iPhoneSimulator.ActiveCfg = Ad-Hoc|iPhoneSimulator
		{8238A18D-A663-4D5D-B992-842194FF931E}.Ad-Hoc|iPhoneSimulator.Build.0 = Ad-Hoc|iPhoneSimulator
		{8238A18D-A663-4D5D-B992-842194FF931E}.Ad-Hoc|x64.ActiveCfg = Ad-Hoc|iPhone
		{8238A18D-A663-4D5D-B992-842194FF931E}.Ad-Hoc|x86.ActiveCfg = Ad-Hoc|iPhone
		{8238A18D-A663-4D5D-B992-842194FF931E}.AppStore|Any CPU.ActiveCfg = AppStore|iPhone
		{8238A18D-A663-4D5D-B992-842194FF931E}.AppStore|ARM.ActiveCfg = AppStore|iPhone
		{8238A18D-A663-4D5D-B992-842194FF931E}.AppStore|iPhone.ActiveCfg = AppStore|iPhone
		{8238A18D-A663-4D5D-B992-842194FF931E}.AppStore|iPhone.Build.0 = AppStore|iPhone
		{8238A18D-A663-4D5D-B992-842194FF931E}.AppStore|iPhoneSimulator.ActiveCfg = AppStore|iPhoneSimulator
		{8238A18D-A663-4D5D-B992-842194FF931E}.AppStore|iPhoneSimulator.Build.0 = AppStore|iPhoneSimulator
		{8238A18D-A663-4D5D-B992-842194FF931E}.AppStore|x64.ActiveCfg = AppStore|iPhone
		{8238A18D-A663-4D5D-B992-842194FF931E}.AppStore|x86.ActiveCfg = AppStore|iPhone
		{8238A18D-A663-4D5D-B992-842194FF931E}.Debug|Any CPU.ActiveCfg = Debug|iPhone
		{8238A18D-A663-4D5D-B992-842194FF931E}.Debug|ARM.ActiveCfg = Debug|iPhone
		{8238A18D-A663-4D5D-B992-842194FF931E}.Debug|iPhone.ActiveCfg = Debug|iPhone
		{8238A18D-A663-4D5D-B992-842194FF931E}.Debug|iPhone.Build.0 = Debug|iPhone
		{8238A18D-A663-4D5D-B992-842194FF931E}.Debug|iPhoneSimulator.ActiveCfg = Debug|iPhoneSimulator
		{8238A18D-A663-4D5D-B992-842194FF931E}.Debug|iPhoneSimulator.Build.0 = Debug|iPhoneSimulator
		{8238A18D-A663-4D5D-B992-842194FF931E}.Debug|x64.ActiveCfg = Debug|iPhone
		{8238A18D-A663-4D5D-B992-842194FF931E}.Debug|x86.ActiveCfg = Debug|iPhone
		{8238A18D-A663-4D5D-B992-842194FF931E}.Release|Any CPU.ActiveCfg = Release|iPhone
		{8238A18D-A663-4D5D-B992-842194FF931E}.Release|ARM.ActiveCfg = Release|iPhone
		{8238A18D-A663-4D5D-B992-842194FF931E}.Release|iPhone.ActiveCfg = Release|iPhone
		{8238A18D-A663-4D5D-B992-842194FF931E}.Release|iPhone.Build.0 = Release|iPhone
		{8238A18D-A663-4D5D-B992-842194FF931E}.Release|iPhoneSimulator.ActiveCfg = Release|iPhoneSimulator
		{8238A18D-A663-4D5D-B992-842194FF931E}.Release|iPhoneSimulator.Build.0 = Release|iPhoneSimulator
		{8238A18D-A663-4D5D-B992-842194FF931E}.Release|x64.ActiveCfg = Release|iPhone
		{8238A18D-A663-4D5D-B992-842194FF931E}.Release|x86.ActiveCfg = Release|iPhone
		{3C7B552E-1E6A-4D53-9411-F22DC650F91F}.Ad-Hoc|Any CPU.ActiveCfg = Release|Any CPU
		{3C7B552E-1E6A-4D53-9411-F22DC650F91F}.Ad-Hoc|Any CPU.Build.0 = Release|Any CPU
		{3C7B552E-1E6A-4D53-9411-F22DC650F91F}.Ad-Hoc|Any CPU.Deploy.0 = Release|Any CPU
		{3C7B552E-1E6A-4D53-9411-F22DC650F91F}.Ad-Hoc|ARM.ActiveCfg = Release|ARM
		{3C7B552E-1E6A-4D53-9411-F22DC650F91F}.Ad-Hoc|ARM.Build.0 = Release|ARM
		{3C7B552E-1E6A-4D53-9411-F22DC650F91F}.Ad-Hoc|ARM.Deploy.0 = Release|ARM
		{3C7B552E-1E6A-4D53-9411-F22DC650F91F}.Ad-Hoc|iPhone.ActiveCfg = Release|Any CPU
		{3C7B552E-1E6A-4D53-9411-F22DC650F91F}.Ad-Hoc|iPhone.Build.0 = Release|Any CPU
		{3C7B552E-1E6A-4D53-9411-F22DC650F91F}.Ad-Hoc|iPhone.Deploy.0 = Release|Any CPU
		{3C7B552E-1E6A-4D53-9411-F22DC650F91F}.Ad-Hoc|iPhoneSimulator.ActiveCfg = Release|Any CPU
		{3C7B552E-1E6A-4D53-9411-F22DC650F91F}.Ad-Hoc|iPhoneSimulator.Build.0 = Release|Any CPU
		{3C7B552E-1E6A-4D53-9411-F22DC650F91F}.Ad-Hoc|iPhoneSimulator.Deploy.0 = Release|Any CPU
		{3C7B552E-1E6A-4D53-9411-F22DC650F91F}.Ad-Hoc|x64.ActiveCfg = Release|Any CPU
		{3C7B552E-1E6A-4D53-9411-F22DC650F91F}.Ad-Hoc|x64.Build.0 = Release|Any CPU
		{3C7B552E-1E6A-4D53-9411-F22DC650F91F}.Ad-Hoc|x64.Deploy.0 = Release|Any CPU
		{3C7B552E-1E6A-4D53-9411-F22DC650F91F}.Ad-Hoc|x86.ActiveCfg = Release|x86
		{3C7B552E-1E6A-4D53-9411-F22DC650F91F}.Ad-Hoc|x86.Build.0 = Release|x86
		{3C7B552E-1E6A-4D53-9411-F22DC650F91F}.Ad-Hoc|x86.Deploy.0 = Release|x86
		{3C7B552E-1E6A-4D53-9411-F22DC650F91F}.AppStore|Any CPU.ActiveCfg = Release|Any CPU
		{3C7B552E-1E6A-4D53-9411-F22DC650F91F}.AppStore|Any CPU.Build.0 = Release|Any CPU
		{3C7B552E-1E6A-4D53-9411-F22DC650F91F}.AppStore|Any CPU.Deploy.0 = Release|Any CPU
		{3C7B552E-1E6A-4D53-9411-F22DC650F91F}.AppStore|ARM.ActiveCfg = Release|ARM
		{3C7B552E-1E6A-4D53-9411-F22DC650F91F}.AppStore|ARM.Build.0 = Release|ARM
		{3C7B552E-1E6A-4D53-9411-F22DC650F91F}.AppStore|ARM.Deploy.0 = Release|ARM
		{3C7B552E-1E6A-4D53-9411-F22DC650F91F}.AppStore|iPhone.ActiveCfg = Release|Any CPU
		{3C7B552E-1E6A-4D53-9411-F22DC650F91F}.AppStore|iPhone.Build.0 = Release|Any CPU
		{3C7B552E-1E6A-4D53-9411-F22DC650F91F}.AppStore|iPhone.Deploy.0 = Release|Any CPU
		{3C7B552E-1E6A-4D53-9411-F22DC650F91F}.AppStore|iPhoneSimulator.ActiveCfg = Release|Any CPU
		{3C7B552E-1E6A-4D53-9411-F22DC650F91F}.AppStore|iPhoneSimulator.Build.0 = Release|Any CPU
		{3C7B552E-1E6A-4D53-9411-F22DC650F91F}.AppStore|iPhoneSimulator.Deploy.0 = Release|Any CPU
		{3C7B552E-1E6A-4D53-9411-F22DC650F91F}.AppStore|x64.ActiveCfg = Release|Any CPU
		{3C7B552E-1E6A-4D53-9411-F22DC650F91F}.AppStore|x64.Build.0 = Release|Any CPU
		{3C7B552E-1E6A-4D53-9411-F22DC650F91F}.AppStore|x64.Deploy.0 = Release|Any CPU
		{3C7B552E-1E6A-4D53-9411-F22DC650F91F}.AppStore|x86.ActiveCfg = Release|x86
		{3C7B552E-1E6A-4D53-9411-F22DC650F91F}.AppStore|x86.Build.0 = Release|x86
		{3C7B552E-1E6A-4D53-9411-F22DC650F91F}.AppStore|x86.Deploy.0 = Release|x86
		{3C7B552E-1E6A-4D53-9411-F22DC650F91F}.Debug|Any CPU.ActiveCfg = Debug|Any CPU
		{3C7B552E-1E6A-4D53-9411-F22DC650F91F}.Debug|Any CPU.Build.0 = Debug|Any CPU
		{3C7B552E-1E6A-4D53-9411-F22DC650F91F}.Debug|Any CPU.Deploy.0 = Debug|Any CPU
		{3C7B552E-1E6A-4D53-9411-F22DC650F91F}.Debug|ARM.ActiveCfg = Debug|ARM
		{3C7B552E-1E6A-4D53-9411-F22DC650F91F}.Debug|ARM.Build.0 = Debug|ARM
		{3C7B552E-1E6A-4D53-9411-F22DC650F91F}.Debug|ARM.Deploy.0 = Debug|ARM
		{3C7B552E-1E6A-4D53-9411-F22DC650F91F}.Debug|iPhone.ActiveCfg = Debug|Any CPU
		{3C7B552E-1E6A-4D53-9411-F22DC650F91F}.Debug|iPhone.Build.0 = Debug|Any CPU
		{3C7B552E-1E6A-4D53-9411-F22DC650F91F}.Debug|iPhone.Deploy.0 = Debug|Any CPU
		{3C7B552E-1E6A-4D53-9411-F22DC650F91F}.Debug|iPhoneSimulator.ActiveCfg = Debug|Any CPU
		{3C7B552E-1E6A-4D53-9411-F22DC650F91F}.Debug|iPhoneSimulator.Build.0 = Debug|Any CPU
		{3C7B552E-1E6A-4D53-9411-F22DC650F91F}.Debug|iPhoneSimulator.Deploy.0 = Debug|Any CPU
		{3C7B552E-1E6A-4D53-9411-F22DC650F91F}.Debug|x64.ActiveCfg = Debug|Any CPU
		{3C7B552E-1E6A-4D53-9411-F22DC650F91F}.Debug|x64.Build.0 = Debug|Any CPU
		{3C7B552E-1E6A-4D53-9411-F22DC650F91F}.Debug|x64.Deploy.0 = Debug|Any CPU
		{3C7B552E-1E6A-4D53-9411-F22DC650F91F}.Debug|x86.ActiveCfg = Debug|x86
		{3C7B552E-1E6A-4D53-9411-F22DC650F91F}.Debug|x86.Build.0 = Debug|x86
		{3C7B552E-1E6A-4D53-9411-F22DC650F91F}.Debug|x86.Deploy.0 = Debug|x86
		{3C7B552E-1E6A-4D53-9411-F22DC650F91F}.Release|Any CPU.ActiveCfg = Release|Any CPU
		{3C7B552E-1E6A-4D53-9411-F22DC650F91F}.Release|Any CPU.Build.0 = Release|Any CPU
		{3C7B552E-1E6A-4D53-9411-F22DC650F91F}.Release|Any CPU.Deploy.0 = Release|Any CPU
		{3C7B552E-1E6A-4D53-9411-F22DC650F91F}.Release|ARM.ActiveCfg = Release|ARM
		{3C7B552E-1E6A-4D53-9411-F22DC650F91F}.Release|ARM.Build.0 = Release|ARM
		{3C7B552E-1E6A-4D53-9411-F22DC650F91F}.Release|ARM.Deploy.0 = Release|ARM
		{3C7B552E-1E6A-4D53-9411-F22DC650F91F}.Release|iPhone.ActiveCfg = Release|Any CPU
		{3C7B552E-1E6A-4D53-9411-F22DC650F91F}.Release|iPhone.Build.0 = Release|Any CPU
		{3C7B552E-1E6A-4D53-9411-F22DC650F91F}.Release|iPhone.Deploy.0 = Release|Any CPU
		{3C7B552E-1E6A-4D53-9411-F22DC650F91F}.Release|iPhoneSimulator.ActiveCfg = Release|Any CPU
		{3C7B552E-1E6A-4D53-9411-F22DC650F91F}.Release|iPhoneSimulator.Build.0 = Release|Any CPU
		{3C7B552E-1E6A-4D53-9411-F22DC650F91F}.Release|iPhoneSimulator.Deploy.0 = Release|Any CPU
		{3C7B552E-1E6A-4D53-9411-F22DC650F91F}.Release|x64.ActiveCfg = Release|Any CPU
		{3C7B552E-1E6A-4D53-9411-F22DC650F91F}.Release|x64.Build.0 = Release|Any CPU
		{3C7B552E-1E6A-4D53-9411-F22DC650F91F}.Release|x64.Deploy.0 = Release|Any CPU
		{3C7B552E-1E6A-4D53-9411-F22DC650F91F}.Release|x86.ActiveCfg = Release|x86
		{3C7B552E-1E6A-4D53-9411-F22DC650F91F}.Release|x86.Build.0 = Release|x86
		{3C7B552E-1E6A-4D53-9411-F22DC650F91F}.Release|x86.Deploy.0 = Release|x86
		{7C6DE410-25CE-4844-AAD6-EAAC6DF09A68}.Ad-Hoc|Any CPU.ActiveCfg = Release|x86
		{7C6DE410-25CE-4844-AAD6-EAAC6DF09A68}.Ad-Hoc|Any CPU.Build.0 = Release|x86
		{7C6DE410-25CE-4844-AAD6-EAAC6DF09A68}.Ad-Hoc|Any CPU.Deploy.0 = Release|x86
		{7C6DE410-25CE-4844-AAD6-EAAC6DF09A68}.Ad-Hoc|ARM.ActiveCfg = Release|ARM
		{7C6DE410-25CE-4844-AAD6-EAAC6DF09A68}.Ad-Hoc|ARM.Build.0 = Release|ARM
		{7C6DE410-25CE-4844-AAD6-EAAC6DF09A68}.Ad-Hoc|ARM.Deploy.0 = Release|ARM
		{7C6DE410-25CE-4844-AAD6-EAAC6DF09A68}.Ad-Hoc|iPhone.ActiveCfg = Release|x86
		{7C6DE410-25CE-4844-AAD6-EAAC6DF09A68}.Ad-Hoc|iPhone.Build.0 = Release|x86
		{7C6DE410-25CE-4844-AAD6-EAAC6DF09A68}.Ad-Hoc|iPhone.Deploy.0 = Release|x86
		{7C6DE410-25CE-4844-AAD6-EAAC6DF09A68}.Ad-Hoc|iPhoneSimulator.ActiveCfg = Release|x86
		{7C6DE410-25CE-4844-AAD6-EAAC6DF09A68}.Ad-Hoc|iPhoneSimulator.Build.0 = Release|x86
		{7C6DE410-25CE-4844-AAD6-EAAC6DF09A68}.Ad-Hoc|iPhoneSimulator.Deploy.0 = Release|x86
		{7C6DE410-25CE-4844-AAD6-EAAC6DF09A68}.Ad-Hoc|x64.ActiveCfg = Release|x64
		{7C6DE410-25CE-4844-AAD6-EAAC6DF09A68}.Ad-Hoc|x64.Build.0 = Release|x64
		{7C6DE410-25CE-4844-AAD6-EAAC6DF09A68}.Ad-Hoc|x64.Deploy.0 = Release|x64
		{7C6DE410-25CE-4844-AAD6-EAAC6DF09A68}.Ad-Hoc|x86.ActiveCfg = Release|x86
		{7C6DE410-25CE-4844-AAD6-EAAC6DF09A68}.Ad-Hoc|x86.Build.0 = Release|x86
		{7C6DE410-25CE-4844-AAD6-EAAC6DF09A68}.Ad-Hoc|x86.Deploy.0 = Release|x86
		{7C6DE410-25CE-4844-AAD6-EAAC6DF09A68}.AppStore|Any CPU.ActiveCfg = Release|x86
		{7C6DE410-25CE-4844-AAD6-EAAC6DF09A68}.AppStore|Any CPU.Build.0 = Release|x86
		{7C6DE410-25CE-4844-AAD6-EAAC6DF09A68}.AppStore|Any CPU.Deploy.0 = Release|x86
		{7C6DE410-25CE-4844-AAD6-EAAC6DF09A68}.AppStore|ARM.ActiveCfg = Release|ARM
		{7C6DE410-25CE-4844-AAD6-EAAC6DF09A68}.AppStore|ARM.Build.0 = Release|ARM
		{7C6DE410-25CE-4844-AAD6-EAAC6DF09A68}.AppStore|ARM.Deploy.0 = Release|ARM
		{7C6DE410-25CE-4844-AAD6-EAAC6DF09A68}.AppStore|iPhone.ActiveCfg = Release|x86
		{7C6DE410-25CE-4844-AAD6-EAAC6DF09A68}.AppStore|iPhone.Build.0 = Release|x86
		{7C6DE410-25CE-4844-AAD6-EAAC6DF09A68}.AppStore|iPhone.Deploy.0 = Release|x86
		{7C6DE410-25CE-4844-AAD6-EAAC6DF09A68}.AppStore|iPhoneSimulator.ActiveCfg = Release|x86
		{7C6DE410-25CE-4844-AAD6-EAAC6DF09A68}.AppStore|iPhoneSimulator.Build.0 = Release|x86
		{7C6DE410-25CE-4844-AAD6-EAAC6DF09A68}.AppStore|iPhoneSimulator.Deploy.0 = Release|x86
		{7C6DE410-25CE-4844-AAD6-EAAC6DF09A68}.AppStore|x64.ActiveCfg = Release|x64
		{7C6DE410-25CE-4844-AAD6-EAAC6DF09A68}.AppStore|x64.Build.0 = Release|x64
		{7C6DE410-25CE-4844-AAD6-EAAC6DF09A68}.AppStore|x64.Deploy.0 = Release|x64
		{7C6DE410-25CE-4844-AAD6-EAAC6DF09A68}.AppStore|x86.ActiveCfg = Release|x86
		{7C6DE410-25CE-4844-AAD6-EAAC6DF09A68}.AppStore|x86.Build.0 = Release|x86
		{7C6DE410-25CE-4844-AAD6-EAAC6DF09A68}.AppStore|x86.Deploy.0 = Release|x86
		{7C6DE410-25CE-4844-AAD6-EAAC6DF09A68}.Debug|Any CPU.ActiveCfg = Debug|x86
		{7C6DE410-25CE-4844-AAD6-EAAC6DF09A68}.Debug|ARM.ActiveCfg = Debug|ARM
		{7C6DE410-25CE-4844-AAD6-EAAC6DF09A68}.Debug|ARM.Build.0 = Debug|ARM
		{7C6DE410-25CE-4844-AAD6-EAAC6DF09A68}.Debug|ARM.Deploy.0 = Debug|ARM
		{7C6DE410-25CE-4844-AAD6-EAAC6DF09A68}.Debug|iPhone.ActiveCfg = Debug|x86
		{7C6DE410-25CE-4844-AAD6-EAAC6DF09A68}.Debug|iPhoneSimulator.ActiveCfg = Debug|x86
		{7C6DE410-25CE-4844-AAD6-EAAC6DF09A68}.Debug|x64.ActiveCfg = Debug|x64
		{7C6DE410-25CE-4844-AAD6-EAAC6DF09A68}.Debug|x64.Build.0 = Debug|x64
		{7C6DE410-25CE-4844-AAD6-EAAC6DF09A68}.Debug|x64.Deploy.0 = Debug|x64
		{7C6DE410-25CE-4844-AAD6-EAAC6DF09A68}.Debug|x86.ActiveCfg = Debug|x86
		{7C6DE410-25CE-4844-AAD6-EAAC6DF09A68}.Debug|x86.Build.0 = Debug|x86
		{7C6DE410-25CE-4844-AAD6-EAAC6DF09A68}.Debug|x86.Deploy.0 = Debug|x86
		{7C6DE410-25CE-4844-AAD6-EAAC6DF09A68}.Release|Any CPU.ActiveCfg = Release|x86
		{7C6DE410-25CE-4844-AAD6-EAAC6DF09A68}.Release|ARM.ActiveCfg = Release|ARM
		{7C6DE410-25CE-4844-AAD6-EAAC6DF09A68}.Release|ARM.Build.0 = Release|ARM
		{7C6DE410-25CE-4844-AAD6-EAAC6DF09A68}.Release|ARM.Deploy.0 = Release|ARM
		{7C6DE410-25CE-4844-AAD6-EAAC6DF09A68}.Release|iPhone.ActiveCfg = Release|x86
		{7C6DE410-25CE-4844-AAD6-EAAC6DF09A68}.Release|iPhoneSimulator.ActiveCfg = Release|x86
		{7C6DE410-25CE-4844-AAD6-EAAC6DF09A68}.Release|x64.ActiveCfg = Release|x64
		{7C6DE410-25CE-4844-AAD6-EAAC6DF09A68}.Release|x64.Build.0 = Release|x64
		{7C6DE410-25CE-4844-AAD6-EAAC6DF09A68}.Release|x64.Deploy.0 = Release|x64
		{7C6DE410-25CE-4844-AAD6-EAAC6DF09A68}.Release|x86.ActiveCfg = Release|x86
		{7C6DE410-25CE-4844-AAD6-EAAC6DF09A68}.Release|x86.Build.0 = Release|x86
		{7C6DE410-25CE-4844-AAD6-EAAC6DF09A68}.Release|x86.Deploy.0 = Release|x86
		{62CA1311-823B-4085-948E-0AF00BF7A7C6}.Ad-Hoc|Any CPU.ActiveCfg = Release|Any CPU
		{62CA1311-823B-4085-948E-0AF00BF7A7C6}.Ad-Hoc|Any CPU.Build.0 = Release|Any CPU
		{62CA1311-823B-4085-948E-0AF00BF7A7C6}.Ad-Hoc|Any CPU.Deploy.0 = Release|Any CPU
		{62CA1311-823B-4085-948E-0AF00BF7A7C6}.Ad-Hoc|ARM.ActiveCfg = Release|ARM
		{62CA1311-823B-4085-948E-0AF00BF7A7C6}.Ad-Hoc|ARM.Build.0 = Release|ARM
		{62CA1311-823B-4085-948E-0AF00BF7A7C6}.Ad-Hoc|ARM.Deploy.0 = Release|ARM
		{62CA1311-823B-4085-948E-0AF00BF7A7C6}.Ad-Hoc|iPhone.ActiveCfg = Release|Any CPU
		{62CA1311-823B-4085-948E-0AF00BF7A7C6}.Ad-Hoc|iPhone.Build.0 = Release|Any CPU
		{62CA1311-823B-4085-948E-0AF00BF7A7C6}.Ad-Hoc|iPhone.Deploy.0 = Release|Any CPU
		{62CA1311-823B-4085-948E-0AF00BF7A7C6}.Ad-Hoc|iPhoneSimulator.ActiveCfg = Release|Any CPU
		{62CA1311-823B-4085-948E-0AF00BF7A7C6}.Ad-Hoc|iPhoneSimulator.Build.0 = Release|Any CPU
		{62CA1311-823B-4085-948E-0AF00BF7A7C6}.Ad-Hoc|iPhoneSimulator.Deploy.0 = Release|Any CPU
		{62CA1311-823B-4085-948E-0AF00BF7A7C6}.Ad-Hoc|x64.ActiveCfg = Release|x64
		{62CA1311-823B-4085-948E-0AF00BF7A7C6}.Ad-Hoc|x64.Build.0 = Release|x64
		{62CA1311-823B-4085-948E-0AF00BF7A7C6}.Ad-Hoc|x64.Deploy.0 = Release|x64
		{62CA1311-823B-4085-948E-0AF00BF7A7C6}.Ad-Hoc|x86.ActiveCfg = Release|x86
		{62CA1311-823B-4085-948E-0AF00BF7A7C6}.Ad-Hoc|x86.Build.0 = Release|x86
		{62CA1311-823B-4085-948E-0AF00BF7A7C6}.Ad-Hoc|x86.Deploy.0 = Release|x86
		{62CA1311-823B-4085-948E-0AF00BF7A7C6}.AppStore|Any CPU.ActiveCfg = Release|Any CPU
		{62CA1311-823B-4085-948E-0AF00BF7A7C6}.AppStore|Any CPU.Build.0 = Release|Any CPU
		{62CA1311-823B-4085-948E-0AF00BF7A7C6}.AppStore|Any CPU.Deploy.0 = Release|Any CPU
		{62CA1311-823B-4085-948E-0AF00BF7A7C6}.AppStore|ARM.ActiveCfg = Release|ARM
		{62CA1311-823B-4085-948E-0AF00BF7A7C6}.AppStore|ARM.Build.0 = Release|ARM
		{62CA1311-823B-4085-948E-0AF00BF7A7C6}.AppStore|ARM.Deploy.0 = Release|ARM
		{62CA1311-823B-4085-948E-0AF00BF7A7C6}.AppStore|iPhone.ActiveCfg = Release|Any CPU
		{62CA1311-823B-4085-948E-0AF00BF7A7C6}.AppStore|iPhone.Build.0 = Release|Any CPU
		{62CA1311-823B-4085-948E-0AF00BF7A7C6}.AppStore|iPhone.Deploy.0 = Release|Any CPU
		{62CA1311-823B-4085-948E-0AF00BF7A7C6}.AppStore|iPhoneSimulator.ActiveCfg = Release|Any CPU
		{62CA1311-823B-4085-948E-0AF00BF7A7C6}.AppStore|iPhoneSimulator.Build.0 = Release|Any CPU
		{62CA1311-823B-4085-948E-0AF00BF7A7C6}.AppStore|iPhoneSimulator.Deploy.0 = Release|Any CPU
		{62CA1311-823B-4085-948E-0AF00BF7A7C6}.AppStore|x64.ActiveCfg = Release|x64
		{62CA1311-823B-4085-948E-0AF00BF7A7C6}.AppStore|x64.Build.0 = Release|x64
		{62CA1311-823B-4085-948E-0AF00BF7A7C6}.AppStore|x64.Deploy.0 = Release|x64
		{62CA1311-823B-4085-948E-0AF00BF7A7C6}.AppStore|x86.ActiveCfg = Release|x86
		{62CA1311-823B-4085-948E-0AF00BF7A7C6}.AppStore|x86.Build.0 = Release|x86
		{62CA1311-823B-4085-948E-0AF00BF7A7C6}.AppStore|x86.Deploy.0 = Release|x86
		{62CA1311-823B-4085-948E-0AF00BF7A7C6}.Debug|Any CPU.ActiveCfg = Debug|Any CPU
		{62CA1311-823B-4085-948E-0AF00BF7A7C6}.Debug|Any CPU.Build.0 = Debug|Any CPU
		{62CA1311-823B-4085-948E-0AF00BF7A7C6}.Debug|Any CPU.Deploy.0 = Debug|Any CPU
		{62CA1311-823B-4085-948E-0AF00BF7A7C6}.Debug|ARM.ActiveCfg = Debug|ARM
		{62CA1311-823B-4085-948E-0AF00BF7A7C6}.Debug|ARM.Build.0 = Debug|ARM
		{62CA1311-823B-4085-948E-0AF00BF7A7C6}.Debug|ARM.Deploy.0 = Debug|ARM
		{62CA1311-823B-4085-948E-0AF00BF7A7C6}.Debug|iPhone.ActiveCfg = Debug|Any CPU
		{62CA1311-823B-4085-948E-0AF00BF7A7C6}.Debug|iPhone.Build.0 = Debug|Any CPU
		{62CA1311-823B-4085-948E-0AF00BF7A7C6}.Debug|iPhone.Deploy.0 = Debug|Any CPU
		{62CA1311-823B-4085-948E-0AF00BF7A7C6}.Debug|iPhoneSimulator.ActiveCfg = Debug|Any CPU
		{62CA1311-823B-4085-948E-0AF00BF7A7C6}.Debug|iPhoneSimulator.Build.0 = Debug|Any CPU
		{62CA1311-823B-4085-948E-0AF00BF7A7C6}.Debug|iPhoneSimulator.Deploy.0 = Debug|Any CPU
		{62CA1311-823B-4085-948E-0AF00BF7A7C6}.Debug|x64.ActiveCfg = Debug|x64
		{62CA1311-823B-4085-948E-0AF00BF7A7C6}.Debug|x64.Build.0 = Debug|x64
		{62CA1311-823B-4085-948E-0AF00BF7A7C6}.Debug|x64.Deploy.0 = Debug|x64
		{62CA1311-823B-4085-948E-0AF00BF7A7C6}.Debug|x86.ActiveCfg = Debug|x86
		{62CA1311-823B-4085-948E-0AF00BF7A7C6}.Debug|x86.Build.0 = Debug|x86
		{62CA1311-823B-4085-948E-0AF00BF7A7C6}.Debug|x86.Deploy.0 = Debug|x86
		{62CA1311-823B-4085-948E-0AF00BF7A7C6}.Release|Any CPU.ActiveCfg = Release|Any CPU
		{62CA1311-823B-4085-948E-0AF00BF7A7C6}.Release|Any CPU.Build.0 = Release|Any CPU
		{62CA1311-823B-4085-948E-0AF00BF7A7C6}.Release|Any CPU.Deploy.0 = Release|Any CPU
		{62CA1311-823B-4085-948E-0AF00BF7A7C6}.Release|ARM.ActiveCfg = Release|ARM
		{62CA1311-823B-4085-948E-0AF00BF7A7C6}.Release|ARM.Build.0 = Release|ARM
		{62CA1311-823B-4085-948E-0AF00BF7A7C6}.Release|ARM.Deploy.0 = Release|ARM
		{62CA1311-823B-4085-948E-0AF00BF7A7C6}.Release|iPhone.ActiveCfg = Release|Any CPU
		{62CA1311-823B-4085-948E-0AF00BF7A7C6}.Release|iPhone.Build.0 = Release|Any CPU
		{62CA1311-823B-4085-948E-0AF00BF7A7C6}.Release|iPhone.Deploy.0 = Release|Any CPU
		{62CA1311-823B-4085-948E-0AF00BF7A7C6}.Release|iPhoneSimulator.ActiveCfg = Release|Any CPU
		{62CA1311-823B-4085-948E-0AF00BF7A7C6}.Release|iPhoneSimulator.Build.0 = Release|Any CPU
		{62CA1311-823B-4085-948E-0AF00BF7A7C6}.Release|iPhoneSimulator.Deploy.0 = Release|Any CPU
		{62CA1311-823B-4085-948E-0AF00BF7A7C6}.Release|x64.ActiveCfg = Release|x64
		{62CA1311-823B-4085-948E-0AF00BF7A7C6}.Release|x64.Build.0 = Release|x64
		{62CA1311-823B-4085-948E-0AF00BF7A7C6}.Release|x64.Deploy.0 = Release|x64
		{62CA1311-823B-4085-948E-0AF00BF7A7C6}.Release|x86.ActiveCfg = Release|x86
		{62CA1311-823B-4085-948E-0AF00BF7A7C6}.Release|x86.Build.0 = Release|x86
		{62CA1311-823B-4085-948E-0AF00BF7A7C6}.Release|x86.Deploy.0 = Release|x86
	EndGlobalSection
	GlobalSection(SolutionProperties) = preSolution
		HideSolutionNode = FALSE
	EndGlobalSection
EndGlobal
